
Microsoft Visual Studio Solution File, Format Version 12.00
# Visual Studio 15
VisualStudioVersion = 15.0.27703.2042
MinimumVisualStudioVersion = 10.0.40219.1
Project("{FAE04EC0-301F-11D3-BF4B-00C04F79EFBC}") = "ControlWork", "ControlWork\ControlWork.csproj", "{CC42464E-F608-4AA5-A7F0-78FE042244E4}"
EndProject
Global
	GlobalSection(SolutionConfigurationPlatforms) = preSolution
		Debug|Any CPU = Debug|Any CPU
		Release|Any CPU = Release|Any CPU
	EndGlobalSection
	GlobalSection(ProjectConfigurationPlatforms) = postSolution
		{CC42464E-F608-4AA5-A7F0-78FE042244E4}.Debug|Any CPU.ActiveCfg = Debug|Any CPU
		{CC42464E-F608-4AA5-A7F0-78FE042244E4}.Debug|Any CPU.Build.0 = Debug|Any CPU
		{CC42464E-F608-4AA5-A7F0-78FE042244E4}.Release|Any CPU.ActiveCfg = Release|Any CPU
		{CC42464E-F608-4AA5-A7F0-78FE042244E4}.Release|Any CPU.Build.0 = Release|Any CPU
	EndGlobalSection
	GlobalSection(SolutionProperties) = preSolution
		HideSolutionNode = FALSE
	EndGlobalSection
	GlobalSection(ExtensibilityGlobals) = postSolution
		SolutionGuid = {0CD2E487-EFD5-4CB2-8B6C-3FFCDF8C1D7D}
	EndGlobalSection
EndGlobal
